Microsoft Visual Studio Solution File, Format Version 12.00
# Visual Studio Version 16
VisualStudioVersion = 16.0.30011.22
MinimumVisualStudioVersion = 15.0.26124.0
Project("{9A19103F-16F7-4668-BE54-9A1E7A4F7556}") = "Minsk", "Minsk\Minsk.csproj", "{6FE6F7CC-1626-4731-9B68-7236B5A4C94C}"
EndProject
Project("{9A19103F-16F7-4668-BE54-9A1E7A4F7556}") = "Minsk.Generators", "Minsk.Generators\Minsk.Generators.csproj", "{C106F0D5-AEA3-460F-AA42-B796C6F85B3D}"
EndProject
Project("{9A19103F-16F7-4668-BE54-9A1E7A4F7556}") = "Minsk.Tests", "Minsk.Tests\Minsk.Tests.csproj", "{36E2CC3E-B08D-4B6D-8901-651C800CABAC}"
EndProject
Project("{9A19103F-16F7-4668-BE54-9A1E7A4F7556}") = "msc", "msc\msc.csproj", "{016A06A3-0FED-42BE-99CA-74FDE1D0D03D}"
EndProject
Project("{9A19103F-16F7-4668-BE54-9A1E7A4F7556}") = "msi", "msi\msi.csproj", "{9C7AFA59-BB65-46AB-A14B-30F601CBDC8C}"
EndProject
Global
	GlobalSection(SolutionConfigurationPlatforms) = preSolution
		Debug|Any CPU = Debug|Any CPU
		Release|Any CPU = Release|Any CPU
	EndGlobalSection
	GlobalSection(ProjectConfigurationPlatforms) = postSolution
		{6FE6F7CC-1626-4731-9B68-7236B5A4C94C}.Debug|Any CPU.ActiveCfg = Debug|Any CPU
		{6FE6F7CC-1626-4731-9B68-7236B5A4C94C}.Debug|Any CPU.Build.0 = Debug|Any CPU
		{6FE6F7CC-1626-4731-9B68-7236B5A4C94C}.Release|Any CPU.ActiveCfg = Release|Any CPU
		{6FE6F7CC-1626-4731-9B68-7236B5A4C94C}.Release|Any CPU.Build.0 = Release|Any CPU
		{C106F0D5-AEA3-460F-AA42-B796C6F85B3D}.Debug|Any CPU.ActiveCfg = Debug|Any CPU
		{C106F0D5-AEA3-460F-AA42-B796C6F85B3D}.Debug|Any CPU.Build.0 = Debug|Any CPU
		{C106F0D5-AEA3-460F-AA42-B796C6F85B3D}.Release|Any CPU.ActiveCfg = Release|Any CPU
		{C106F0D5-AEA3-460F-AA42-B796C6F85B3D}.Release|Any CPU.Build.0 = Release|Any CPU
		{36E2CC3E-B08D-4B6D-8901-651C800CABAC}.Debug|Any CPU.ActiveCfg = Debug|Any CPU
		{36E2CC3E-B08D-4B6D-8901-651C800CABAC}.Debug|Any CPU.Build.0 = Debug|Any CPU
		{36E2CC3E-B08D-4B6D-8901-651C800CABAC}.Release|Any CPU.ActiveCfg = Release|Any CPU
		{36E2CC3E-B08D-4B6D-8901-651C800CABAC}.Release|Any CPU.Build.0 = Release|Any CPU
		{016A06A3-0FED-42BE-99CA-74FDE1D0D03D}.Debug|Any CPU.ActiveCfg = Debug|Any CPU
		{016A06A3-0FED-42BE-99CA-74FDE1D0D03D}.Debug|Any CPU.Build.0 = Debug|Any CPU
		{016A06A3-0FED-42BE-99CA-74FDE1D0D03D}.Release|Any CPU.ActiveCfg = Release|Any CPU
		{016A06A3-0FED-42BE-99CA-74FDE1D0D03D}.Release|Any CPU.Build.0 = Release|Any CPU
		{9C7AFA59-BB65-46AB-A14B-30F601CBDC8C}.Debug|Any CPU.ActiveCfg = Debug|Any CPU
		{9C7AFA59-BB65-46AB-A14B-30F601CBDC8C}.Debug|Any CPU.Build.0 = Debug|Any CPU
		{9C7AFA59-BB65-46AB-A14B-30F601CBDC8C}.Release|Any CPU.ActiveCfg = Release|Any CPU
		{9C7AFA59-BB65-46AB-A14B-30F601CBDC8C}.Release|Any CPU.Build.0 = Release|Any CPU
	EndGlobalSection
	GlobalSection(SolutionProperties) = preSolution
		HideSolutionNode = FALSE
	EndGlobalSection
	GlobalSection(ExtensibilityGlobals) = postSolution
		SolutionGuid = {A452DD96-3811-44D9-8F7F-B9DDAAA8ED40}
	EndGlobalSection
EndGlobal
